
Microsoft Visual Studio Solution File, Format Version 12.00
# Visual Studio 15
VisualStudioVersion = 15.0.28307.572
MinimumVisualStudioVersion = 10.0.40219.1
Project("{FAE04EC0-301F-11D3-BF4B-00C04F79EFBC}") = "BlackJack.Console", "BlackJack.Console\BlackJack.Console.csproj", "{B736D000-E09D-44D1-AAF0-557E8268ACFF}"
EndProject
Global
	GlobalSection(SolutionConfigurationPlatforms) = preSolution
		Debug|Any CPU = Debug|Any CPU
		Release|Any CPU = Release|Any CPU
	EndGlobalSection
	GlobalSection(ProjectConfigurationPlatforms) = postSolution
		{B736D000-E09D-44D1-AAF0-557E8268ACFF}.Debug|Any CPU.ActiveCfg = Debug|Any CPU
		{B736D000-E09D-44D1-AAF0-557E8268ACFF}.Debug|Any CPU.Build.0 = Debug|Any CPU
		{B736D000-E09D-44D1-AAF0-557E8268ACFF}.Release|Any CPU.ActiveCfg = Release|Any CPU
		{B736D000-E09D-44D1-AAF0-557E8268ACFF}.Release|Any CPU.Build.0 = Release|Any CPU
	EndGlobalSection
	GlobalSection(SolutionProperties) = preSolution
		HideSolutionNode = FALSE
	EndGlobalSection
	GlobalSection(ExtensibilityGlobals) = postSolution
		SolutionGuid = {90CA8D1C-1A30-49ED-A832-20053D59FDD2}
	EndGlobalSection
EndGlobal
